
Microsoft Visual Studio Solution File, Format Version 12.00
# Visual Studio 15
VisualStudioVersion = 15.0.28307.136
MinimumVisualStudioVersion = 10.0.40219.1
Project("{FAE04EC0-301F-11D3-BF4B-00C04F79EFBC}") = "MetodasOut", "MetodasOut\MetodasOut.csproj", "{F021FA32-B910-49F3-A202-7C314300527F}"
EndProject
Global
	GlobalSection(SolutionConfigurationPlatforms) = preSolution
		Debug|Any CPU = Debug|Any CPU
		Release|Any CPU = Release|Any CPU
	EndGlobalSection
	GlobalSection(ProjectConfigurationPlatforms) = postSolution
		{F021FA32-B910-49F3-A202-7C314300527F}.Debug|Any CPU.ActiveCfg = Debug|Any CPU
		{F021FA32-B910-49F3-A202-7C314300527F}.Debug|Any CPU.Build.0 = Debug|Any CPU
		{F021FA32-B910-49F3-A202-7C314300527F}.Release|Any CPU.ActiveCfg = Release|Any CPU
		{F021FA32-B910-49F3-A202-7C314300527F}.Release|Any CPU.Build.0 = Release|Any CPU
	EndGlobalSection
	GlobalSection(SolutionProperties) = preSolution
		HideSolutionNode = FALSE
	EndGlobalSection
	GlobalSection(ExtensibilityGlobals) = postSolution
		SolutionGuid = {BEC06C7B-1727-4828-9C81-2150FD659BAF}
	EndGlobalSection
EndGlobal
