
Microsoft Visual Studio Solution File, Format Version 12.00
# Visual Studio 15
VisualStudioVersion = 15.0.28307.136
MinimumVisualStudioVersion = 10.0.40219.1
Project("{FAE04EC0-301F-11D3-BF4B-00C04F79EFBC}") = "OverloadingMethod", "OverloadingMethod\OverloadingMethod.csproj", "{239EE603-8A21-49BC-8121-90F868612953}"
EndProject
Global
	GlobalSection(SolutionConfigurationPlatforms) = preSolution
		Debug|Any CPU = Debug|Any CPU
		Release|Any CPU = Release|Any CPU
	EndGlobalSection
	GlobalSection(ProjectConfigurationPlatforms) = postSolution
		{239EE603-8A21-49BC-8121-90F868612953}.Debug|Any CPU.ActiveCfg = Debug|Any CPU
		{239EE603-8A21-49BC-8121-90F868612953}.Debug|Any CPU.Build.0 = Debug|Any CPU
		{239EE603-8A21-49BC-8121-90F868612953}.Release|Any CPU.ActiveCfg = Release|Any CPU
		{239EE603-8A21-49BC-8121-90F868612953}.Release|Any CPU.Build.0 = Release|Any CPU
	EndGlobalSection
	GlobalSection(SolutionProperties) = preSolution
		HideSolutionNode = FALSE
	EndGlobalSection
	GlobalSection(ExtensibilityGlobals) = postSolution
		SolutionGuid = {83B315AA-8602-4D2D-B95D-5FBFCBD1BE83}
	EndGlobalSection
EndGlobal
