
Microsoft Visual Studio Solution File, Format Version 12.00
# Visual Studio 15
VisualStudioVersion = 15.0.28307.136
MinimumVisualStudioVersion = 10.0.40219.1
Project("{FAE04EC0-301F-11D3-BF4B-00C04F79EFBC}") = "IfPasikartojimas", "IfPasikartojimas\IfPasikartojimas.csproj", "{4343A5E3-8564-46BF-88B0-27F31BAE6EAB}"
EndProject
Global
	GlobalSection(SolutionConfigurationPlatforms) = preSolution
		Debug|Any CPU = Debug|Any CPU
		Release|Any CPU = Release|Any CPU
	EndGlobalSection
	GlobalSection(ProjectConfigurationPlatforms) = postSolution
		{4343A5E3-8564-46BF-88B0-27F31BAE6EAB}.Debug|Any CPU.ActiveCfg = Debug|Any CPU
		{4343A5E3-8564-46BF-88B0-27F31BAE6EAB}.Debug|Any CPU.Build.0 = Debug|Any CPU
		{4343A5E3-8564-46BF-88B0-27F31BAE6EAB}.Release|Any CPU.ActiveCfg = Release|Any CPU
		{4343A5E3-8564-46BF-88B0-27F31BAE6EAB}.Release|Any CPU.Build.0 = Release|Any CPU
	EndGlobalSection
	GlobalSection(SolutionProperties) = preSolution
		HideSolutionNode = FALSE
	EndGlobalSection
	GlobalSection(ExtensibilityGlobals) = postSolution
		SolutionGuid = {7BB94E1B-1F4F-46B9-A47E-E51C964439B7}
	EndGlobalSection
EndGlobal
