
Microsoft Visual Studio Solution File, Format Version 12.00
# Visual Studio 15
VisualStudioVersion = 15.0.28307.136
MinimumVisualStudioVersion = 10.0.40219.1
Project("{FAE04EC0-301F-11D3-BF4B-00C04F79EFBC}") = "PAveldintiKlasePvz2", "PAveldintiKlasePvz2\PAveldintiKlasePvz2.csproj", "{F2385BA7-9F0B-4FF0-91F9-8636E6F5A540}"
EndProject
Global
	GlobalSection(SolutionConfigurationPlatforms) = preSolution
		Debug|Any CPU = Debug|Any CPU
		Release|Any CPU = Release|Any CPU
	EndGlobalSection
	GlobalSection(ProjectConfigurationPlatforms) = postSolution
		{F2385BA7-9F0B-4FF0-91F9-8636E6F5A540}.Debug|Any CPU.ActiveCfg = Debug|Any CPU
		{F2385BA7-9F0B-4FF0-91F9-8636E6F5A540}.Debug|Any CPU.Build.0 = Debug|Any CPU
		{F2385BA7-9F0B-4FF0-91F9-8636E6F5A540}.Release|Any CPU.ActiveCfg = Release|Any CPU
		{F2385BA7-9F0B-4FF0-91F9-8636E6F5A540}.Release|Any CPU.Build.0 = Release|Any CPU
	EndGlobalSection
	GlobalSection(SolutionProperties) = preSolution
		HideSolutionNode = FALSE
	EndGlobalSection
	GlobalSection(ExtensibilityGlobals) = postSolution
		SolutionGuid = {1C9554C5-D228-4014-8259-09901EA60F15}
	EndGlobalSection
EndGlobal
